
Microsoft Visual Studio Solution File, Format Version 12.00
# Visual Studio Version 16
VisualStudioVersion = 16.0.29230.47
MinimumVisualStudioVersion = 10.0.40219.1
Project("{FAE04EC0-301F-11D3-BF4B-00C04F79EFBC}") = "Diosk", "Diosk\Diosk.csproj", "{BC4BA2C7-7B8E-4530-B004-A578662DC410}"
EndProject
Project("{FAE04EC0-301F-11D3-BF4B-00C04F79EFBC}") = "Diosk.Core", "Diosk.Core\Diosk.Core.csproj", "{41B686F3-B544-411C-ADB8-20241AD94A2F}"
EndProject
Global
	GlobalSection(SolutionConfigurationPlatforms) = preSolution
		Debug|Any CPU = Debug|Any CPU
		Release|Any CPU = Release|Any CPU
	EndGlobalSection
	GlobalSection(ProjectConfigurationPlatforms) = postSolution
		{BC4BA2C7-7B8E-4530-B004-A578662DC410}.Debug|Any CPU.ActiveCfg = Debug|Any CPU
		{BC4BA2C7-7B8E-4530-B004-A578662DC410}.Debug|Any CPU.Build.0 = Debug|Any CPU
		{BC4BA2C7-7B8E-4530-B004-A578662DC410}.Release|Any CPU.ActiveCfg = Release|Any CPU
		{BC4BA2C7-7B8E-4530-B004-A578662DC410}.Release|Any CPU.Build.0 = Release|Any CPU
		{41B686F3-B544-411C-ADB8-20241AD94A2F}.Debug|Any CPU.ActiveCfg = Debug|Any CPU
		{41B686F3-B544-411C-ADB8-20241AD94A2F}.Debug|Any CPU.Build.0 = Debug|Any CPU
		{41B686F3-B544-411C-ADB8-20241AD94A2F}.Release|Any CPU.ActiveCfg = Release|Any CPU
		{41B686F3-B544-411C-ADB8-20241AD94A2F}.Release|Any CPU.Build.0 = Release|Any CPU
	EndGlobalSection
	GlobalSection(SolutionProperties) = preSolution
		HideSolutionNode = FALSE
	EndGlobalSection
	GlobalSection(ExtensibilityGlobals) = postSolution
		SolutionGuid = {98F2F5D0-C926-4CDB-A599-1FCE6714FC27}
	EndGlobalSection
EndGlobal
